
Microsoft Visual Studio Solution File, Format Version 12.00
# Visual Studio Version 17
VisualStudioVersion = 17.5.33627.172
MinimumVisualStudioVersion = 10.0.40219.1
Project("{2150E333-8FDC-42A3-9474-1A3956D46DE8}") = "FRONT", "FRONT", "{9BD97A2C-C82E-4BBB-8BF5-E82C5821EDD7}"
	ProjectSection(SolutionItems) = preProject
		..\..\BS Shared Form\SOURCE\FRONT\Lookup_GSFrontResources\Lookup_GSFrontResources.csproj = ..\..\BS Shared Form\SOURCE\FRONT\Lookup_GSFrontResources\Lookup_GSFrontResources.csproj
	EndProjectSection
EndProject
Project("{2150E333-8FDC-42A3-9474-1A3956D46DE8}") = "MENU", "MENU", "{1BB944C9-68E3-4F02-BDC0-5A4C7571308D}"
EndProject
Project("{2150E333-8FDC-42A3-9474-1A3956D46DE8}") = "GSM05500", "GSM05500", "{398A3295-167C-42F0-A640-A94F32C16699}"
EndProject
Project("{9A19103F-16F7-4668-BE54-9A1E7A4F7556}") = "GSM05500Common", "COMMON\GS\GSM05500Common\GSM05500Common.csproj", "{907CBF7B-DCC7-4A21-A4A7-E05E5FA841F9}"
EndProject
Project("{9A19103F-16F7-4668-BE54-9A1E7A4F7556}") = "GSM05500Model", "FRONT\GSM05500MODEL\GSM05500Model.csproj", "{588350E7-205A-42BA-A5E9-E2CB99BD049C}"
EndProject
Project("{9A19103F-16F7-4668-BE54-9A1E7A4F7556}") = "GSM05500Front", "FRONT\GSM05500FRONT\GSM05500Front.csproj", "{299A4493-5CED-4EB3-8D85-DF4F40E48405}"
EndProject
Project("{9A19103F-16F7-4668-BE54-9A1E7A4F7556}") = "GSM00110Front", "FRONT\GSM00110Front\GSM00110Front.csproj", "{C14C788D-A0CB-42E7-9797-3CC77D419BD7}"
EndProject
Project("{9A19103F-16F7-4668-BE54-9A1E7A4F7556}") = "GSM03000Front", "FRONT\GSM03000Front\GSM03000Front.csproj", "{9C915BDB-31B8-488A-AF31-3D32906C37C9}"
EndProject
Project("{2150E333-8FDC-42A3-9474-1A3956D46DE8}") = "LMM02000", "LMM02000", "{50F72854-E108-42DB-A197-5FBC87D6E6CD}"
EndProject
Project("{2150E333-8FDC-42A3-9474-1A3956D46DE8}") = "COMMON", "COMMON", "{EC28C6A1-AC08-4030-AAAA-80845AE5A967}"
EndProject
Project("{9A19103F-16F7-4668-BE54-9A1E7A4F7556}") = "LMM02000Model", "FRONT\LMM02000Model\LMM02000Model.csproj", "{4CC52F03-1E14-4446-B545-71F8413E75E1}"
EndProject
Project("{9A19103F-16F7-4668-BE54-9A1E7A4F7556}") = "LMM02000Front", "FRONT\LMM02000Front\LMM02000Front.csproj", "{6AC0AFA6-D90F-4411-81FC-6ECC3C785196}"
EndProject
Project("{9A19103F-16F7-4668-BE54-9A1E7A4F7556}") = "LMM02000Common", "COMMON\LM\LMM02000Common\LMM02000Common.csproj", "{AB298CB2-D8E7-4263-86E9-39BA0D388810}"
EndProject
Project("{9A19103F-16F7-4668-BE54-9A1E7A4F7556}") = "GFF00900COMMON", "..\..\BS Shared Form\SOURCE\BACK\GFF00900COMMON\GFF00900COMMON.csproj", "{D332C851-A3AA-4DFD-8E83-16BD186D89CB}"
EndProject
Project("{9A19103F-16F7-4668-BE54-9A1E7A4F7556}") = "GFF00900Model", "..\..\BS Shared Form\SOURCE\FRONT\GFF00900Model\GFF00900Model.csproj", "{E3713524-6B94-4A98-B081-9BD448D74BD0}"
EndProject
Project("{9A19103F-16F7-4668-BE54-9A1E7A4F7556}") = "GFF00900FRONT", "..\..\BS Shared Form\SOURCE\FRONT\GFF00900FRONT\GFF00900FRONT.csproj", "{EB7EF62D-0B7D-4753-8B82-6B0BD43E8F99}"
EndProject
Project("{2150E333-8FDC-42A3-9474-1A3956D46DE8}") = "GFF00900", "GFF00900", "{A6A9904E-2997-48C8-A3DB-D518A1181A89}"
EndProject
Project("{9A19103F-16F7-4668-BE54-9A1E7A4F7556}") = "BlazorMenu", "..\..\SYSTEM\SOURCE\Menu\BlazorMenu\BlazorMenu.csproj", "{E260203A-9AD8-49C1-88E3-7FD758A21383}"
EndProject
Project("{9A19103F-16F7-4668-BE54-9A1E7A4F7556}") = "GSM00700Common", "COMMON\GS\GSM00700Common\GSM00700Common.csproj", "{0C0D96BD-B165-4667-8D98-B62FC72248C7}"
EndProject
Project("{2150E333-8FDC-42A3-9474-1A3956D46DE8}") = "GSM00700", "GSM00700", "{18FBE02C-97EE-4B56-AF9C-9B749FD9A16B}"
EndProject
Project("{9A19103F-16F7-4668-BE54-9A1E7A4F7556}") = "GSM00700Model", "FRONT\GSM00700Model\GSM00700Model.csproj", "{0F875FF7-A0DD-4037-93A7-C5F159F9C868}"
EndProject
Project("{9A19103F-16F7-4668-BE54-9A1E7A4F7556}") = "GSM00700Front", "FRONT\GSM00700Front\GSM00700Front.csproj", "{ABCF1967-AD1F-4798-A6F9-011C38B68449}"
EndProject
Project("{2150E333-8FDC-42A3-9474-1A3956D46DE8}") = "LMI00100", "LMI00100", "{7D199706-72DD-4A5A-A9C6-0C3FE442D824}"
EndProject
Project("{9A19103F-16F7-4668-BE54-9A1E7A4F7556}") = "LMI00100Front", "FRONT\LMI00100Front\LMI00100Front.csproj", "{B9E9B30A-C473-4AA7-8BDD-B0746AABB6C4}"
EndProject
Project("{9A19103F-16F7-4668-BE54-9A1E7A4F7556}") = "LMI00100Model", "FRONT\LMI00100Model\LMI00100Model.csproj", "{40149CB9-C351-4CD9-A81D-4FE1E73B346F}"
EndProject
Project("{9A19103F-16F7-4668-BE54-9A1E7A4F7556}") = "Lookup_GSFRONT", "..\..\BS Shared Form\SOURCE\FRONT\Lookup_GSFRONT\Lookup_GSFRONT.csproj", "{FCA9F291-26AD-431C-8BCB-D05C2A3B4F09}"
EndProject
Project("{9A19103F-16F7-4668-BE54-9A1E7A4F7556}") = "Lookup_GSModel", "..\..\BS Shared Form\SOURCE\FRONT\Lookup_GSModel\Lookup_GSModel.csproj", "{A69B7EFD-67DA-4485-8F92-7B88BD4DE43B}"
EndProject
Project("{9A19103F-16F7-4668-BE54-9A1E7A4F7556}") = "Lookup_GSCOMMON", "..\..\BS Shared Form\SOURCE\BACK\Lookup_GSCOMMON\Lookup_GSCOMMON.csproj", "{EE3D8F30-3352-419F-A787-D2B72B86ACC7}"
EndProject
Project("{2150E333-8FDC-42A3-9474-1A3956D46DE8}") = "LOOKUP_GS", "LOOKUP_GS", "{1D05C5A7-5F0F-43BB-A7E5-F71A7506DDCF}"
	ProjectSection(SolutionItems) = preProject
		..\..\BS Shared Form\SOURCE\FRONT\Lookup_GSFrontResources\Lookup_GSFrontResources.csproj = ..\..\BS Shared Form\SOURCE\FRONT\Lookup_GSFrontResources\Lookup_GSFrontResources.csproj
	EndProjectSection
EndProject
Project("{9A19103F-16F7-4668-BE54-9A1E7A4F7556}") = "GSM02300Common", "COMMON\GS\GSM02300Common\GSM02300Common.csproj", "{7E45191D-B9C1-4B3C-A09A-250370EE7E93}"
EndProject
Project("{2150E333-8FDC-42A3-9474-1A3956D46DE8}") = "GSM02300", "GSM02300", "{5FCB7C4E-EA77-4E54-9009-AAC2336EA57D}"
EndProject
Project("{9A19103F-16F7-4668-BE54-9A1E7A4F7556}") = "GSM02300Model", "FRONT\GSM02300Model\GSM02300Model.csproj", "{CD7D8F29-BB85-4DF3-9D5B-75003B8A5C04}"
EndProject
Project("{9A19103F-16F7-4668-BE54-9A1E7A4F7556}") = "GSM02300Front", "FRONT\GSM02300Front\GSM02300Front.csproj", "{96129656-7AA6-4409-93DD-1D101CD33043}"
EndProject
Project("{9A19103F-16F7-4668-BE54-9A1E7A4F7556}") = "LMI00100Common", "COMMON\LM\LMI00100COMMON\LMI00100Common.csproj", "{6C61C273-071F-4F4D-8C26-3743C2FAD1E7}"
EndProject
Project("{9A19103F-16F7-4668-BE54-9A1E7A4F7556}") = "LMM00200Common", "COMMON\LM\LMM00200COMMON\LMM00200Common.csproj", "{AB66FF3B-7B63-4D69-A9F8-1ED66E7B515B}"
EndProject
Project("{9A19103F-16F7-4668-BE54-9A1E7A4F7556}") = "BaseHeaderReportCOMMON", "..\..\..\..\..\..\..\..\..\RealCode\RSF\BIMASAKTI_11\1.00\PROGRAM\BS Program\SOURCE\COMMON\GS\BaseHeaderReportCOMMON\BaseHeaderReportCOMMON.csproj", "{956E5CB3-3759-45F6-BF36-EB8BF4901067}"
EndProject
Project("{9A19103F-16F7-4668-BE54-9A1E7A4F7556}") = "Lookup_APCOMMON", "..\..\BS Shared Form\SOURCE\BACK\Lookup_APCOMMON\Lookup_APCOMMON.csproj", "{A68261AA-41F1-467A-ADBA-9F9B68850D30}"
EndProject
Project("{2150E333-8FDC-42A3-9474-1A3956D46DE8}") = "LOOKUP_AP", "LOOKUP_AP", "{3D5EE9A3-B589-4491-AE28-F1E5E7BED23A}"
EndProject
Project("{9A19103F-16F7-4668-BE54-9A1E7A4F7556}") = "Lookup_APModel", "..\..\BS Shared Form\SOURCE\FRONT\Lookup_APModel\Lookup_APModel.csproj", "{50BA16DA-54C7-4F81-89A5-F77D7578ECC5}"
EndProject
Project("{9A19103F-16F7-4668-BE54-9A1E7A4F7556}") = "Lookup_APFRONT", "..\..\BS Shared Form\SOURCE\FRONT\Lookup_APFRONT\Lookup_APFRONT.csproj", "{1A160657-B42C-4D55-BC0E-A41ECCD125DD}"
EndProject
Project("{FAE04EC0-301F-11D3-BF4B-00C04F79EFBC}") = "GSM00700FrontResources", "FRONT\GSM00700FrontResources\GSM00700FrontResources.csproj", "{10B2AD90-7A9F-493C-B34E-0F07CDA93FF7}"
EndProject
Project("{FAE04EC0-301F-11D3-BF4B-00C04F79EFBC}") = "GSM02300FrontResources", "FRONT\GSM02300FrontResources\GSM02300FrontResources.csproj", "{3FB78ABB-3823-4E99-8593-8CEB2AAEF6E1}"
EndProject
Project("{FAE04EC0-301F-11D3-BF4B-00C04F79EFBC}") = "GSM05500FrontResources", "FRONT\GSM05500FrontResources\GSM05500FrontResources.csproj", "{EACBC99F-CA1D-43E4-A313-84CF3B49F49B}"
EndProject
Project("{FAE04EC0-301F-11D3-BF4B-00C04F79EFBC}") = "LMI00100FrontResources", "FRONT\LMI00100FrontResources\LMI00100FrontResources.csproj", "{FC7AC108-7229-4B81-9044-89102676F7FA}"
EndProject
Project("{FAE04EC0-301F-11D3-BF4B-00C04F79EFBC}") = "LMM02000FrontResources", "FRONT\LMM02000FrontResources\LMM02000FrontResources.csproj", "{81FD51E4-3194-4DDC-A44D-0F8B451010EC}"
EndProject
Project("{FAE04EC0-301F-11D3-BF4B-00C04F79EFBC}") = "Lookup_APFrontResources", "..\..\BS Shared Form\SOURCE\FRONT\Lookup_APFrontResources\Lookup_APFrontResources.csproj", "{635C0A92-CAEB-46FD-8B46-B6576E1AB2E1}"
EndProject
Project("{FAE04EC0-301F-11D3-BF4B-00C04F79EFBC}") = "GSM04500Common", "COMMON\GS\GSM04500Common\GSM04500Common.csproj", "{1415BAAB-5F45-4C74-8901-0250F10428A9}"
EndProject
Project("{2150E333-8FDC-42A3-9474-1A3956D46DE8}") = "GSM04500", "GSM04500", "{9F839635-FAC9-4826-A18E-19AE42CED5AC}"
EndProject
Project("{FAE04EC0-301F-11D3-BF4B-00C04F79EFBC}") = "GSM04500Model", "FRONT\GSM04500Model\GSM04500Model.csproj", "{73232BC2-7B28-4480-BD67-19DDE25B23E8}"
EndProject
Project("{FAE04EC0-301F-11D3-BF4B-00C04F79EFBC}") = "GSM04500Front", "FRONT\GSM04500Front\GSM04500Front.csproj", "{4C497B33-88AA-47C8-8C2F-EAE9806134B7}"
EndProject
Project("{FAE04EC0-301F-11D3-BF4B-00C04F79EFBC}") = "LMM01500Common", "COMMON\LM\LMM01500Common\LMM01500Common.csproj", "{E34C41AD-4867-4118-BF6E-4D10DEBDE319}"
EndProject
Project("{2150E333-8FDC-42A3-9474-1A3956D46DE8}") = "LMM01500", "LMM01500", "{658F53C3-DB85-4D78-8E40-3BBCC0529F35}"
EndProject
Project("{FAE04EC0-301F-11D3-BF4B-00C04F79EFBC}") = "LMM01500Model", "FRONT\LMM01500Model\LMM01500Model.csproj", "{9AE89205-3DE8-4A38-87D7-0F93F63B10BD}"
EndProject
Project("{FAE04EC0-301F-11D3-BF4B-00C04F79EFBC}") = "LMM01500Front", "FRONT\LMM01500Front\LMM01500Front.csproj", "{E2340829-552A-4301-92F0-49CEE349043E}"
EndProject
Global
	GlobalSection(SolutionConfigurationPlatforms) = preSolution
		Debug|Any CPU = Debug|Any CPU
		Release|Any CPU = Release|Any CPU
	EndGlobalSection
	GlobalSection(ProjectConfigurationPlatforms) = postSolution
		{907CBF7B-DCC7-4A21-A4A7-E05E5FA841F9}.Debug|Any CPU.ActiveCfg = Debug|Any CPU
		{907CBF7B-DCC7-4A21-A4A7-E05E5FA841F9}.Debug|Any CPU.Build.0 = Debug|Any CPU
		{907CBF7B-DCC7-4A21-A4A7-E05E5FA841F9}.Release|Any CPU.ActiveCfg = Release|Any CPU
		{907CBF7B-DCC7-4A21-A4A7-E05E5FA841F9}.Release|Any CPU.Build.0 = Release|Any CPU
		{588350E7-205A-42BA-A5E9-E2CB99BD049C}.Debug|Any CPU.ActiveCfg = Debug|Any CPU
		{588350E7-205A-42BA-A5E9-E2CB99BD049C}.Debug|Any CPU.Build.0 = Debug|Any CPU
		{588350E7-205A-42BA-A5E9-E2CB99BD049C}.Release|Any CPU.ActiveCfg = Release|Any CPU
		{588350E7-205A-42BA-A5E9-E2CB99BD049C}.Release|Any CPU.Build.0 = Release|Any CPU
		{299A4493-5CED-4EB3-8D85-DF4F40E48405}.Debug|Any CPU.ActiveCfg = Debug|Any CPU
		{299A4493-5CED-4EB3-8D85-DF4F40E48405}.Debug|Any CPU.Build.0 = Debug|Any CPU
		{299A4493-5CED-4EB3-8D85-DF4F40E48405}.Release|Any CPU.ActiveCfg = Release|Any CPU
		{299A4493-5CED-4EB3-8D85-DF4F40E48405}.Release|Any CPU.Build.0 = Release|Any CPU
		{C14C788D-A0CB-42E7-9797-3CC77D419BD7}.Debug|Any CPU.ActiveCfg = Debug|Any CPU
		{C14C788D-A0CB-42E7-9797-3CC77D419BD7}.Debug|Any CPU.Build.0 = Debug|Any CPU
		{C14C788D-A0CB-42E7-9797-3CC77D419BD7}.Release|Any CPU.ActiveCfg = Release|Any CPU
		{C14C788D-A0CB-42E7-9797-3CC77D419BD7}.Release|Any CPU.Build.0 = Release|Any CPU
		{9C915BDB-31B8-488A-AF31-3D32906C37C9}.Debug|Any CPU.ActiveCfg = Debug|Any CPU
		{9C915BDB-31B8-488A-AF31-3D32906C37C9}.Debug|Any CPU.Build.0 = Debug|Any CPU
		{9C915BDB-31B8-488A-AF31-3D32906C37C9}.Release|Any CPU.ActiveCfg = Release|Any CPU
		{9C915BDB-31B8-488A-AF31-3D32906C37C9}.Release|Any CPU.Build.0 = Release|Any CPU
		{4CC52F03-1E14-4446-B545-71F8413E75E1}.Debug|Any CPU.ActiveCfg = Debug|Any CPU
		{4CC52F03-1E14-4446-B545-71F8413E75E1}.Debug|Any CPU.Build.0 = Debug|Any CPU
		{4CC52F03-1E14-4446-B545-71F8413E75E1}.Release|Any CPU.ActiveCfg = Release|Any CPU
		{4CC52F03-1E14-4446-B545-71F8413E75E1}.Release|Any CPU.Build.0 = Release|Any CPU
		{6AC0AFA6-D90F-4411-81FC-6ECC3C785196}.Debug|Any CPU.ActiveCfg = Debug|Any CPU
		{6AC0AFA6-D90F-4411-81FC-6ECC3C785196}.Debug|Any CPU.Build.0 = Debug|Any CPU
		{6AC0AFA6-D90F-4411-81FC-6ECC3C785196}.Release|Any CPU.ActiveCfg = Release|Any CPU
		{6AC0AFA6-D90F-4411-81FC-6ECC3C785196}.Release|Any CPU.Build.0 = Release|Any CPU
		{AB298CB2-D8E7-4263-86E9-39BA0D388810}.Debug|Any CPU.ActiveCfg = Debug|Any CPU
		{AB298CB2-D8E7-4263-86E9-39BA0D388810}.Debug|Any CPU.Build.0 = Debug|Any CPU
		{AB298CB2-D8E7-4263-86E9-39BA0D388810}.Release|Any CPU.ActiveCfg = Release|Any CPU
		{AB298CB2-D8E7-4263-86E9-39BA0D388810}.Release|Any CPU.Build.0 = Release|Any CPU
		{D332C851-A3AA-4DFD-8E83-16BD186D89CB}.Debug|Any CPU.ActiveCfg = Debug|Any CPU
		{D332C851-A3AA-4DFD-8E83-16BD186D89CB}.Debug|Any CPU.Build.0 = Debug|Any CPU
		{D332C851-A3AA-4DFD-8E83-16BD186D89CB}.Release|Any CPU.ActiveCfg = Release|Any CPU
		{D332C851-A3AA-4DFD-8E83-16BD186D89CB}.Release|Any CPU.Build.0 = Release|Any CPU
		{E3713524-6B94-4A98-B081-9BD448D74BD0}.Debug|Any CPU.ActiveCfg = Debug|Any CPU
		{E3713524-6B94-4A98-B081-9BD448D74BD0}.Debug|Any CPU.Build.0 = Debug|Any CPU
		{E3713524-6B94-4A98-B081-9BD448D74BD0}.Release|Any CPU.ActiveCfg = Release|Any CPU
		{E3713524-6B94-4A98-B081-9BD448D74BD0}.Release|Any CPU.Build.0 = Release|Any CPU
		{EB7EF62D-0B7D-4753-8B82-6B0BD43E8F99}.Debug|Any CPU.ActiveCfg = Debug|Any CPU
		{EB7EF62D-0B7D-4753-8B82-6B0BD43E8F99}.Debug|Any CPU.Build.0 = Debug|Any CPU
		{EB7EF62D-0B7D-4753-8B82-6B0BD43E8F99}.Release|Any CPU.ActiveCfg = Release|Any CPU
		{EB7EF62D-0B7D-4753-8B82-6B0BD43E8F99}.Release|Any CPU.Build.0 = Release|Any CPU
		{E260203A-9AD8-49C1-88E3-7FD758A21383}.Debug|Any CPU.ActiveCfg = Debug|Any CPU
		{E260203A-9AD8-49C1-88E3-7FD758A21383}.Debug|Any CPU.Build.0 = Debug|Any CPU
		{E260203A-9AD8-49C1-88E3-7FD758A21383}.Release|Any CPU.ActiveCfg = Release|Any CPU
		{E260203A-9AD8-49C1-88E3-7FD758A21383}.Release|Any CPU.Build.0 = Release|Any CPU
		{0C0D96BD-B165-4667-8D98-B62FC72248C7}.Debug|Any CPU.ActiveCfg = Debug|Any CPU
		{0C0D96BD-B165-4667-8D98-B62FC72248C7}.Debug|Any CPU.Build.0 = Debug|Any CPU
		{0C0D96BD-B165-4667-8D98-B62FC72248C7}.Release|Any CPU.ActiveCfg = Release|Any CPU
		{0C0D96BD-B165-4667-8D98-B62FC72248C7}.Release|Any CPU.Build.0 = Release|Any CPU
		{0F875FF7-A0DD-4037-93A7-C5F159F9C868}.Debug|Any CPU.ActiveCfg = Debug|Any CPU
		{0F875FF7-A0DD-4037-93A7-C5F159F9C868}.Debug|Any CPU.Build.0 = Debug|Any CPU
		{0F875FF7-A0DD-4037-93A7-C5F159F9C868}.Release|Any CPU.ActiveCfg = Release|Any CPU
		{0F875FF7-A0DD-4037-93A7-C5F159F9C868}.Release|Any CPU.Build.0 = Release|Any CPU
		{ABCF1967-AD1F-4798-A6F9-011C38B68449}.Debug|Any CPU.ActiveCfg = Debug|Any CPU
		{ABCF1967-AD1F-4798-A6F9-011C38B68449}.Debug|Any CPU.Build.0 = Debug|Any CPU
		{ABCF1967-AD1F-4798-A6F9-011C38B68449}.Release|Any CPU.ActiveCfg = Release|Any CPU
		{ABCF1967-AD1F-4798-A6F9-011C38B68449}.Release|Any CPU.Build.0 = Release|Any CPU
		{B9E9B30A-C473-4AA7-8BDD-B0746AABB6C4}.Debug|Any CPU.ActiveCfg = Debug|Any CPU
		{B9E9B30A-C473-4AA7-8BDD-B0746AABB6C4}.Debug|Any CPU.Build.0 = Debug|Any CPU
		{B9E9B30A-C473-4AA7-8BDD-B0746AABB6C4}.Release|Any CPU.ActiveCfg = Release|Any CPU
		{B9E9B30A-C473-4AA7-8BDD-B0746AABB6C4}.Release|Any CPU.Build.0 = Release|Any CPU
		{40149CB9-C351-4CD9-A81D-4FE1E73B346F}.Debug|Any CPU.ActiveCfg = Debug|Any CPU
		{40149CB9-C351-4CD9-A81D-4FE1E73B346F}.Debug|Any CPU.Build.0 = Debug|Any CPU
		{40149CB9-C351-4CD9-A81D-4FE1E73B346F}.Release|Any CPU.ActiveCfg = Release|Any CPU
		{40149CB9-C351-4CD9-A81D-4FE1E73B346F}.Release|Any CPU.Build.0 = Release|Any CPU
		{FCA9F291-26AD-431C-8BCB-D05C2A3B4F09}.Debug|Any CPU.ActiveCfg = Debug|Any CPU
		{FCA9F291-26AD-431C-8BCB-D05C2A3B4F09}.Debug|Any CPU.Build.0 = Debug|Any CPU
		{FCA9F291-26AD-431C-8BCB-D05C2A3B4F09}.Release|Any CPU.ActiveCfg = Release|Any CPU
		{FCA9F291-26AD-431C-8BCB-D05C2A3B4F09}.Release|Any CPU.Build.0 = Release|Any CPU
		{A69B7EFD-67DA-4485-8F92-7B88BD4DE43B}.Debug|Any CPU.ActiveCfg = Debug|Any CPU
		{A69B7EFD-67DA-4485-8F92-7B88BD4DE43B}.Debug|Any CPU.Build.0 = Debug|Any CPU
		{A69B7EFD-67DA-4485-8F92-7B88BD4DE43B}.Release|Any CPU.ActiveCfg = Release|Any CPU
		{A69B7EFD-67DA-4485-8F92-7B88BD4DE43B}.Release|Any CPU.Build.0 = Release|Any CPU
		{EE3D8F30-3352-419F-A787-D2B72B86ACC7}.Debug|Any CPU.ActiveCfg = Debug|Any CPU
		{EE3D8F30-3352-419F-A787-D2B72B86ACC7}.Debug|Any CPU.Build.0 = Debug|Any CPU
		{EE3D8F30-3352-419F-A787-D2B72B86ACC7}.Release|Any CPU.ActiveCfg = Release|Any CPU
		{EE3D8F30-3352-419F-A787-D2B72B86ACC7}.Release|Any CPU.Build.0 = Release|Any CPU
		{7E45191D-B9C1-4B3C-A09A-250370EE7E93}.Debug|Any CPU.ActiveCfg = Debug|Any CPU
		{7E45191D-B9C1-4B3C-A09A-250370EE7E93}.Debug|Any CPU.Build.0 = Debug|Any CPU
		{7E45191D-B9C1-4B3C-A09A-250370EE7E93}.Release|Any CPU.ActiveCfg = Release|Any CPU
		{7E45191D-B9C1-4B3C-A09A-250370EE7E93}.Release|Any CPU.Build.0 = Release|Any CPU
		{CD7D8F29-BB85-4DF3-9D5B-75003B8A5C04}.Debug|Any CPU.ActiveCfg = Debug|Any CPU
		{CD7D8F29-BB85-4DF3-9D5B-75003B8A5C04}.Debug|Any CPU.Build.0 = Debug|Any CPU
		{CD7D8F29-BB85-4DF3-9D5B-75003B8A5C04}.Release|Any CPU.ActiveCfg = Release|Any CPU
		{CD7D8F29-BB85-4DF3-9D5B-75003B8A5C04}.Release|Any CPU.Build.0 = Release|Any CPU
		{96129656-7AA6-4409-93DD-1D101CD33043}.Debug|Any CPU.ActiveCfg = Debug|Any CPU
		{96129656-7AA6-4409-93DD-1D101CD33043}.Debug|Any CPU.Build.0 = Debug|Any CPU
		{96129656-7AA6-4409-93DD-1D101CD33043}.Release|Any CPU.ActiveCfg = Release|Any CPU
		{96129656-7AA6-4409-93DD-1D101CD33043}.Release|Any CPU.Build.0 = Release|Any CPU
		{6C61C273-071F-4F4D-8C26-3743C2FAD1E7}.Debug|Any CPU.ActiveCfg = Debug|Any CPU
		{6C61C273-071F-4F4D-8C26-3743C2FAD1E7}.Debug|Any CPU.Build.0 = Debug|Any CPU
		{6C61C273-071F-4F4D-8C26-3743C2FAD1E7}.Release|Any CPU.ActiveCfg = Release|Any CPU
		{6C61C273-071F-4F4D-8C26-3743C2FAD1E7}.Release|Any CPU.Build.0 = Release|Any CPU
		{AB66FF3B-7B63-4D69-A9F8-1ED66E7B515B}.Debug|Any CPU.ActiveCfg = Debug|Any CPU
		{AB66FF3B-7B63-4D69-A9F8-1ED66E7B515B}.Debug|Any CPU.Build.0 = Debug|Any CPU
		{AB66FF3B-7B63-4D69-A9F8-1ED66E7B515B}.Release|Any CPU.ActiveCfg = Release|Any CPU
		{AB66FF3B-7B63-4D69-A9F8-1ED66E7B515B}.Release|Any CPU.Build.0 = Release|Any CPU
		{956E5CB3-3759-45F6-BF36-EB8BF4901067}.Debug|Any CPU.ActiveCfg = Debug|Any CPU
		{956E5CB3-3759-45F6-BF36-EB8BF4901067}.Debug|Any CPU.Build.0 = Debug|Any CPU
		{956E5CB3-3759-45F6-BF36-EB8BF4901067}.Release|Any CPU.ActiveCfg = Release|Any CPU
		{956E5CB3-3759-45F6-BF36-EB8BF4901067}.Release|Any CPU.Build.0 = Release|Any CPU
		{A68261AA-41F1-467A-ADBA-9F9B68850D30}.Debug|Any CPU.ActiveCfg = Debug|Any CPU
		{A68261AA-41F1-467A-ADBA-9F9B68850D30}.Debug|Any CPU.Build.0 = Debug|Any CPU
		{A68261AA-41F1-467A-ADBA-9F9B68850D30}.Release|Any CPU.ActiveCfg = Release|Any CPU
		{A68261AA-41F1-467A-ADBA-9F9B68850D30}.Release|Any CPU.Build.0 = Release|Any CPU
		{50BA16DA-54C7-4F81-89A5-F77D7578ECC5}.Debug|Any CPU.ActiveCfg = Debug|Any CPU
		{50BA16DA-54C7-4F81-89A5-F77D7578ECC5}.Debug|Any CPU.Build.0 = Debug|Any CPU
		{50BA16DA-54C7-4F81-89A5-F77D7578ECC5}.Release|Any CPU.ActiveCfg = Release|Any CPU
		{50BA16DA-54C7-4F81-89A5-F77D7578ECC5}.Release|Any CPU.Build.0 = Release|Any CPU
		{1A160657-B42C-4D55-BC0E-A41ECCD125DD}.Debug|Any CPU.ActiveCfg = Debug|Any CPU
		{1A160657-B42C-4D55-BC0E-A41ECCD125DD}.Debug|Any CPU.Build.0 = Debug|Any CPU
		{1A160657-B42C-4D55-BC0E-A41ECCD125DD}.Release|Any CPU.ActiveCfg = Release|Any CPU
		{1A160657-B42C-4D55-BC0E-A41ECCD125DD}.Release|Any CPU.Build.0 = Release|Any CPU
		{10B2AD90-7A9F-493C-B34E-0F07CDA93FF7}.Debug|Any CPU.ActiveCfg = Debug|Any CPU
		{10B2AD90-7A9F-493C-B34E-0F07CDA93FF7}.Debug|Any CPU.Build.0 = Debug|Any CPU
		{10B2AD90-7A9F-493C-B34E-0F07CDA93FF7}.Release|Any CPU.ActiveCfg = Release|Any CPU
		{10B2AD90-7A9F-493C-B34E-0F07CDA93FF7}.Release|Any CPU.Build.0 = Release|Any CPU
		{3FB78ABB-3823-4E99-8593-8CEB2AAEF6E1}.Debug|Any CPU.ActiveCfg = Debug|Any CPU
		{3FB78ABB-3823-4E99-8593-8CEB2AAEF6E1}.Debug|Any CPU.Build.0 = Debug|Any CPU
		{3FB78ABB-3823-4E99-8593-8CEB2AAEF6E1}.Release|Any CPU.ActiveCfg = Release|Any CPU
		{3FB78ABB-3823-4E99-8593-8CEB2AAEF6E1}.Release|Any CPU.Build.0 = Release|Any CPU
		{EACBC99F-CA1D-43E4-A313-84CF3B49F49B}.Debug|Any CPU.ActiveCfg = Debug|Any CPU
		{EACBC99F-CA1D-43E4-A313-84CF3B49F49B}.Debug|Any CPU.Build.0 = Debug|Any CPU
		{EACBC99F-CA1D-43E4-A313-84CF3B49F49B}.Release|Any CPU.ActiveCfg = Release|Any CPU
		{EACBC99F-CA1D-43E4-A313-84CF3B49F49B}.Release|Any CPU.Build.0 = Release|Any CPU
		{FC7AC108-7229-4B81-9044-89102676F7FA}.Debug|Any CPU.ActiveCfg = Debug|Any CPU
		{FC7AC108-7229-4B81-9044-89102676F7FA}.Debug|Any CPU.Build.0 = Debug|Any CPU
		{FC7AC108-7229-4B81-9044-89102676F7FA}.Release|Any CPU.ActiveCfg = Release|Any CPU
		{FC7AC108-7229-4B81-9044-89102676F7FA}.Release|Any CPU.Build.0 = Release|Any CPU
		{81FD51E4-3194-4DDC-A44D-0F8B451010EC}.Debug|Any CPU.ActiveCfg = Debug|Any CPU
		{81FD51E4-3194-4DDC-A44D-0F8B451010EC}.Debug|Any CPU.Build.0 = Debug|Any CPU
		{81FD51E4-3194-4DDC-A44D-0F8B451010EC}.Release|Any CPU.ActiveCfg = Release|Any CPU
		{81FD51E4-3194-4DDC-A44D-0F8B451010EC}.Release|Any CPU.Build.0 = Release|Any CPU
		{635C0A92-CAEB-46FD-8B46-B6576E1AB2E1}.Debug|Any CPU.ActiveCfg = Debug|Any CPU
		{635C0A92-CAEB-46FD-8B46-B6576E1AB2E1}.Debug|Any CPU.Build.0 = Debug|Any CPU
		{635C0A92-CAEB-46FD-8B46-B6576E1AB2E1}.Release|Any CPU.ActiveCfg = Release|Any CPU
		{635C0A92-CAEB-46FD-8B46-B6576E1AB2E1}.Release|Any CPU.Build.0 = Release|Any CPU
		{1415BAAB-5F45-4C74-8901-0250F10428A9}.Debug|Any CPU.ActiveCfg = Debug|Any CPU
		{1415BAAB-5F45-4C74-8901-0250F10428A9}.Debug|Any CPU.Build.0 = Debug|Any CPU
		{1415BAAB-5F45-4C74-8901-0250F10428A9}.Release|Any CPU.ActiveCfg = Release|Any CPU
		{1415BAAB-5F45-4C74-8901-0250F10428A9}.Release|Any CPU.Build.0 = Release|Any CPU
		{73232BC2-7B28-4480-BD67-19DDE25B23E8}.Debug|Any CPU.ActiveCfg = Debug|Any CPU
		{73232BC2-7B28-4480-BD67-19DDE25B23E8}.Debug|Any CPU.Build.0 = Debug|Any CPU
		{73232BC2-7B28-4480-BD67-19DDE25B23E8}.Release|Any CPU.ActiveCfg = Release|Any CPU
		{73232BC2-7B28-4480-BD67-19DDE25B23E8}.Release|Any CPU.Build.0 = Release|Any CPU
		{4C497B33-88AA-47C8-8C2F-EAE9806134B7}.Debug|Any CPU.ActiveCfg = Debug|Any CPU
		{4C497B33-88AA-47C8-8C2F-EAE9806134B7}.Debug|Any CPU.Build.0 = Debug|Any CPU
		{4C497B33-88AA-47C8-8C2F-EAE9806134B7}.Release|Any CPU.ActiveCfg = Release|Any CPU
		{4C497B33-88AA-47C8-8C2F-EAE9806134B7}.Release|Any CPU.Build.0 = Release|Any CPU
		{E34C41AD-4867-4118-BF6E-4D10DEBDE319}.Debug|Any CPU.ActiveCfg = Debug|Any CPU
		{E34C41AD-4867-4118-BF6E-4D10DEBDE319}.Debug|Any CPU.Build.0 = Debug|Any CPU
		{E34C41AD-4867-4118-BF6E-4D10DEBDE319}.Release|Any CPU.ActiveCfg = Release|Any CPU
		{E34C41AD-4867-4118-BF6E-4D10DEBDE319}.Release|Any CPU.Build.0 = Release|Any CPU
		{9AE89205-3DE8-4A38-87D7-0F93F63B10BD}.Debug|Any CPU.ActiveCfg = Debug|Any CPU
		{9AE89205-3DE8-4A38-87D7-0F93F63B10BD}.Debug|Any CPU.Build.0 = Debug|Any CPU
		{9AE89205-3DE8-4A38-87D7-0F93F63B10BD}.Release|Any CPU.ActiveCfg = Release|Any CPU
		{9AE89205-3DE8-4A38-87D7-0F93F63B10BD}.Release|Any CPU.Build.0 = Release|Any CPU
		{E2340829-552A-4301-92F0-49CEE349043E}.Debug|Any CPU.ActiveCfg = Debug|Any CPU
		{E2340829-552A-4301-92F0-49CEE349043E}.Debug|Any CPU.Build.0 = Debug|Any CPU
		{E2340829-552A-4301-92F0-49CEE349043E}.Release|Any CPU.ActiveCfg = Release|Any CPU
		{E2340829-552A-4301-92F0-49CEE349043E}.Release|Any CPU.Build.0 = Release|Any CPU
	EndGlobalSection
	GlobalSection(SolutionProperties) = preSolution
		HideSolutionNode = FALSE
	EndGlobalSection
	GlobalSection(NestedProjects) = preSolution
		{398A3295-167C-42F0-A640-A94F32C16699} = {9BD97A2C-C82E-4BBB-8BF5-E82C5821EDD7}
		{907CBF7B-DCC7-4A21-A4A7-E05E5FA841F9} = {EC28C6A1-AC08-4030-AAAA-80845AE5A967}
		{588350E7-205A-42BA-A5E9-E2CB99BD049C} = {398A3295-167C-42F0-A640-A94F32C16699}
		{299A4493-5CED-4EB3-8D85-DF4F40E48405} = {398A3295-167C-42F0-A640-A94F32C16699}
		{C14C788D-A0CB-42E7-9797-3CC77D419BD7} = {9BD97A2C-C82E-4BBB-8BF5-E82C5821EDD7}
		{9C915BDB-31B8-488A-AF31-3D32906C37C9} = {9BD97A2C-C82E-4BBB-8BF5-E82C5821EDD7}
		{50F72854-E108-42DB-A197-5FBC87D6E6CD} = {9BD97A2C-C82E-4BBB-8BF5-E82C5821EDD7}
		{4CC52F03-1E14-4446-B545-71F8413E75E1} = {50F72854-E108-42DB-A197-5FBC87D6E6CD}
		{6AC0AFA6-D90F-4411-81FC-6ECC3C785196} = {50F72854-E108-42DB-A197-5FBC87D6E6CD}
		{AB298CB2-D8E7-4263-86E9-39BA0D388810} = {EC28C6A1-AC08-4030-AAAA-80845AE5A967}
		{D332C851-A3AA-4DFD-8E83-16BD186D89CB} = {EC28C6A1-AC08-4030-AAAA-80845AE5A967}
		{E3713524-6B94-4A98-B081-9BD448D74BD0} = {A6A9904E-2997-48C8-A3DB-D518A1181A89}
		{EB7EF62D-0B7D-4753-8B82-6B0BD43E8F99} = {A6A9904E-2997-48C8-A3DB-D518A1181A89}
		{A6A9904E-2997-48C8-A3DB-D518A1181A89} = {9BD97A2C-C82E-4BBB-8BF5-E82C5821EDD7}
		{E260203A-9AD8-49C1-88E3-7FD758A21383} = {1BB944C9-68E3-4F02-BDC0-5A4C7571308D}
		{0C0D96BD-B165-4667-8D98-B62FC72248C7} = {EC28C6A1-AC08-4030-AAAA-80845AE5A967}
		{18FBE02C-97EE-4B56-AF9C-9B749FD9A16B} = {9BD97A2C-C82E-4BBB-8BF5-E82C5821EDD7}
		{0F875FF7-A0DD-4037-93A7-C5F159F9C868} = {18FBE02C-97EE-4B56-AF9C-9B749FD9A16B}
		{ABCF1967-AD1F-4798-A6F9-011C38B68449} = {18FBE02C-97EE-4B56-AF9C-9B749FD9A16B}
		{7D199706-72DD-4A5A-A9C6-0C3FE442D824} = {9BD97A2C-C82E-4BBB-8BF5-E82C5821EDD7}
		{B9E9B30A-C473-4AA7-8BDD-B0746AABB6C4} = {7D199706-72DD-4A5A-A9C6-0C3FE442D824}
		{40149CB9-C351-4CD9-A81D-4FE1E73B346F} = {7D199706-72DD-4A5A-A9C6-0C3FE442D824}
		{FCA9F291-26AD-431C-8BCB-D05C2A3B4F09} = {1D05C5A7-5F0F-43BB-A7E5-F71A7506DDCF}
		{A69B7EFD-67DA-4485-8F92-7B88BD4DE43B} = {1D05C5A7-5F0F-43BB-A7E5-F71A7506DDCF}
		{EE3D8F30-3352-419F-A787-D2B72B86ACC7} = {EC28C6A1-AC08-4030-AAAA-80845AE5A967}
		{1D05C5A7-5F0F-43BB-A7E5-F71A7506DDCF} = {9BD97A2C-C82E-4BBB-8BF5-E82C5821EDD7}
		{7E45191D-B9C1-4B3C-A09A-250370EE7E93} = {EC28C6A1-AC08-4030-AAAA-80845AE5A967}
		{5FCB7C4E-EA77-4E54-9009-AAC2336EA57D} = {9BD97A2C-C82E-4BBB-8BF5-E82C5821EDD7}
		{CD7D8F29-BB85-4DF3-9D5B-75003B8A5C04} = {5FCB7C4E-EA77-4E54-9009-AAC2336EA57D}
		{96129656-7AA6-4409-93DD-1D101CD33043} = {5FCB7C4E-EA77-4E54-9009-AAC2336EA57D}
		{6C61C273-071F-4F4D-8C26-3743C2FAD1E7} = {EC28C6A1-AC08-4030-AAAA-80845AE5A967}
		{AB66FF3B-7B63-4D69-A9F8-1ED66E7B515B} = {EC28C6A1-AC08-4030-AAAA-80845AE5A967}
		{956E5CB3-3759-45F6-BF36-EB8BF4901067} = {EC28C6A1-AC08-4030-AAAA-80845AE5A967}
		{A68261AA-41F1-467A-ADBA-9F9B68850D30} = {EC28C6A1-AC08-4030-AAAA-80845AE5A967}
		{3D5EE9A3-B589-4491-AE28-F1E5E7BED23A} = {9BD97A2C-C82E-4BBB-8BF5-E82C5821EDD7}
		{50BA16DA-54C7-4F81-89A5-F77D7578ECC5} = {3D5EE9A3-B589-4491-AE28-F1E5E7BED23A}
		{1A160657-B42C-4D55-BC0E-A41ECCD125DD} = {3D5EE9A3-B589-4491-AE28-F1E5E7BED23A}
		{10B2AD90-7A9F-493C-B34E-0F07CDA93FF7} = {18FBE02C-97EE-4B56-AF9C-9B749FD9A16B}
		{3FB78ABB-3823-4E99-8593-8CEB2AAEF6E1} = {5FCB7C4E-EA77-4E54-9009-AAC2336EA57D}
		{EACBC99F-CA1D-43E4-A313-84CF3B49F49B} = {398A3295-167C-42F0-A640-A94F32C16699}
		{FC7AC108-7229-4B81-9044-89102676F7FA} = {7D199706-72DD-4A5A-A9C6-0C3FE442D824}
		{81FD51E4-3194-4DDC-A44D-0F8B451010EC} = {50F72854-E108-42DB-A197-5FBC87D6E6CD}
		{635C0A92-CAEB-46FD-8B46-B6576E1AB2E1} = {3D5EE9A3-B589-4491-AE28-F1E5E7BED23A}
		{1415BAAB-5F45-4C74-8901-0250F10428A9} = {EC28C6A1-AC08-4030-AAAA-80845AE5A967}
		{9F839635-FAC9-4826-A18E-19AE42CED5AC} = {9BD97A2C-C82E-4BBB-8BF5-E82C5821EDD7}
		{73232BC2-7B28-4480-BD67-19DDE25B23E8} = {9F839635-FAC9-4826-A18E-19AE42CED5AC}
		{4C497B33-88AA-47C8-8C2F-EAE9806134B7} = {9F839635-FAC9-4826-A18E-19AE42CED5AC}
		{E34C41AD-4867-4118-BF6E-4D10DEBDE319} = {EC28C6A1-AC08-4030-AAAA-80845AE5A967}
		{658F53C3-DB85-4D78-8E40-3BBCC0529F35} = {9BD97A2C-C82E-4BBB-8BF5-E82C5821EDD7}
		{9AE89205-3DE8-4A38-87D7-0F93F63B10BD} = {658F53C3-DB85-4D78-8E40-3BBCC0529F35}
		{E2340829-552A-4301-92F0-49CEE349043E} = {658F53C3-DB85-4D78-8E40-3BBCC0529F35}
	EndGlobalSection
	GlobalSection(ExtensibilityGlobals) = postSolution
		SolutionGuid = {E7B78B5E-8DE2-4C73-8F18-FA540EDE69D7}
	EndGlobalSection
EndGlobal
