
Microsoft Visual Studio Solution File, Format Version 12.00
# Visual Studio Version 17
VisualStudioVersion = 17.5.33627.172
MinimumVisualStudioVersion = 10.0.40219.1
Project("{2150E333-8FDC-42A3-9474-1A3956D46DE8}") = "BACK", "BACK", "{9A88ACE1-E08A-4650-93AD-A84642F274BB}"
EndProject
Project("{2150E333-8FDC-42A3-9474-1A3956D46DE8}") = "GS_SPR", "GS_SPR", "{FEBCC389-15E9-45D8-894D-D105A725441A}"
EndProject
Project("{2150E333-8FDC-42A3-9474-1A3956D46DE8}") = "COMMON", "COMMON", "{FA3B4DBA-EFD5-431A-B5F8-074975E4D91B}"
EndProject
Project("{2150E333-8FDC-42A3-9474-1A3956D46DE8}") = "SERVICE", "SERVICE", "{3F304EDC-E2D8-4A01-B168-01114FDF0335}"
EndProject
Project("{2150E333-8FDC-42A3-9474-1A3956D46DE8}") = "API", "API", "{C3EAE219-7C8B-4C0B-B9AA-C36E59A59874}"
EndProject
Project("{9A19103F-16F7-4668-BE54-9A1E7A4F7556}") = "BIMASAKTI_GS_API", "API\GS\BIMASAKTI_GS_API\BIMASAKTI_GS_API.csproj", "{B39B82B8-79EA-4E46-A0E6-773A908ED7E1}"
EndProject
Project("{9A19103F-16F7-4668-BE54-9A1E7A4F7556}") = "GSM05500Back", "BACK\GS\GSM05500Back\GSM05500Back.csproj", "{3DE16FD6-69A4-4099-8244-53415A45C7D9}"
EndProject
Project("{9A19103F-16F7-4668-BE54-9A1E7A4F7556}") = "GSM05500Common", "COMMON\GS\GSM05500Common\GSM05500Common.csproj", "{CB15F549-7CE5-44BD-ABFA-6B9B569D1D03}"
EndProject
Project("{9A19103F-16F7-4668-BE54-9A1E7A4F7556}") = "BIMASAKTI_LM_API", "API\LM\BIMASAKTI_LM_API\BIMASAKTI_LM_API.csproj", "{CEE001E9-D0C2-44BC-B63A-4CFFBAA7C227}"
EndProject
Project("{9A19103F-16F7-4668-BE54-9A1E7A4F7556}") = "LMM02000Common", "COMMON\LM\LMM02000Common\LMM02000Common.csproj", "{F8E5F153-3ED4-4392-A38E-872C1DB03CD7}"
EndProject
Project("{9A19103F-16F7-4668-BE54-9A1E7A4F7556}") = "GFF00900COMMON", "..\..\BS Shared Form\SOURCE\BACK\GFF00900COMMON\GFF00900COMMON.csproj", "{4153F646-A199-4EDD-878F-48BA353BD26B}"
EndProject
Project("{9A19103F-16F7-4668-BE54-9A1E7A4F7556}") = "GFF00900BACK", "..\..\BS Shared Form\SOURCE\BACK\GFF00900BACK\GFF00900BACK.csproj", "{948BF37F-507A-4934-B40C-90E59DFA7448}"
EndProject
Project("{9A19103F-16F7-4668-BE54-9A1E7A4F7556}") = "GFF00900SERVICES", "..\..\BS Shared Form\SOURCE\SERVICES\GFF00900SERVICES\GFF00900SERVICES.csproj", "{3359A130-2D72-47A5-8E78-A64E294BAAC6}"
EndProject
Project("{9A19103F-16F7-4668-BE54-9A1E7A4F7556}") = "GFF00900BackResources", "..\..\BS Shared Form\SOURCE\BACK\GFF00900BackResources\GFF00900BackResources.csproj", "{809CA14B-DCF3-4139-885D-7851756E2BF2}"
EndProject
Project("{9A19103F-16F7-4668-BE54-9A1E7A4F7556}") = "GSM00700Common", "COMMON\GS\GSM00700Common\GSM00700Common.csproj", "{38547112-8F4B-4449-968F-CE79B6153AFB}"
EndProject
Project("{9A19103F-16F7-4668-BE54-9A1E7A4F7556}") = "GSM00700Back", "BACK\GS\GSM00700Back\GSM00700Back.csproj", "{65E9A1D1-80F3-4E7F-A279-1A2CA6B98811}"
EndProject
Project("{9A19103F-16F7-4668-BE54-9A1E7A4F7556}") = "GSM00700Service", "SERVICE\GS\GSM00700Service\GSM00700Service.csproj", "{0EC52D4D-DB21-4A85-8343-B0D9AF96001C}"
EndProject
Project("{9A19103F-16F7-4668-BE54-9A1E7A4F7556}") = "RSP_GS_MAINTAIN_CURRENCYResources", "BACK\GS\GS_SPR\RSP_GS_MAINTAIN_CURRENCYResources\RSP_GS_MAINTAIN_CURRENCYResources.csproj", "{5BEA42F1-0681-40FC-8E8E-88E7CF3ECFEA}"
EndProject
Project("{9A19103F-16F7-4668-BE54-9A1E7A4F7556}") = "RSP_GS_MAINTAIN_CURRENCY_RATEResources", "BACK\GS\GS_SPR\RSP_GS_MAINTAIN_CURRENCY_RATEResources\RSP_GS_MAINTAIN_CURRENCY_RATEResources.csproj", "{90B63637-7BEE-42DE-8C1A-BA1D09D8C959}"
EndProject
Project("{2150E333-8FDC-42A3-9474-1A3956D46DE8}") = "LM_SPR", "LM_SPR", "{7248A3A5-62C2-4D3D-A425-109B9B687376}"
EndProject
Project("{9A19103F-16F7-4668-BE54-9A1E7A4F7556}") = "RSP_GS_MAINTAIN_RATE_TYPEResources", "BACK\GS\GS_SPR\RSP_GS_MAINTAIN_RATE_TYPEResources\RSP_GS_MAINTAIN_RATE_TYPEResources.csproj", "{56163E89-1DBD-4AB9-B1B2-92EEE0ED9B42}"
EndProject
Project("{9A19103F-16F7-4668-BE54-9A1E7A4F7556}") = "LMM02000Service", "SERVICE\LM\LMM02000Service\LMM02000Service.csproj", "{54956FFF-8A2F-40F6-94A0-518EA9C25FD1}"
EndProject
Project("{9A19103F-16F7-4668-BE54-9A1E7A4F7556}") = "LMI00100Back", "BACK\LM\LMI00100Back\LMI00100Back.csproj", "{FD388D1E-D5B3-4990-9378-892D3BCA5089}"
EndProject
Project("{9A19103F-16F7-4668-BE54-9A1E7A4F7556}") = "LMI00100Service", "SERVICE\LM\LMI00100Service\LMI00100Service.csproj", "{B65059C3-9CB0-4E08-B6E8-17CF4B0AF9C4}"
EndProject
Project("{9A19103F-16F7-4668-BE54-9A1E7A4F7556}") = "Lookup_GSBACK", "..\..\BS Shared Form\SOURCE\BACK\Lookup_GSBACK\Lookup_GSBACK.csproj", "{8596B288-34C9-4159-8AE5-CBD56ADF98B0}"
EndProject
Project("{9A19103F-16F7-4668-BE54-9A1E7A4F7556}") = "RSP_GS_VALIDATE_USER_ACT_APPRResources", "BACK\GS\GS_SPR\RSP_GS_VALIDATE_USER_ACT_APPRResources\RSP_GS_VALIDATE_USER_ACT_APPRResources.csproj", "{0ACCEAA6-53CD-4775-A809-7C27C4D5AE38}"
EndProject
Project("{9A19103F-16F7-4668-BE54-9A1E7A4F7556}") = "Lookup_GSCOMMON", "..\..\BS Shared Form\SOURCE\BACK\Lookup_GSCOMMON\Lookup_GSCOMMON.csproj", "{33E3E7E7-7E9E-41E6-8A61-027324410637}"
EndProject
Project("{9A19103F-16F7-4668-BE54-9A1E7A4F7556}") = "Lookup_GSBackResources", "..\..\BS Shared Form\SOURCE\BACK\Lookup_GSBackResources\Lookup_GSBackResources.csproj", "{E9E15122-B928-4D05-90EE-FE6A66BC7269}"
EndProject
Project("{9A19103F-16F7-4668-BE54-9A1E7A4F7556}") = "Lookup_GSSERVICES", "..\..\BS Shared Form\SOURCE\SERVICES\Lookup_GSSERVICES\Lookup_GSSERVICES.csproj", "{D8F84355-FF2D-4129-AA67-B6FCC5220E71}"
EndProject
Project("{9A19103F-16F7-4668-BE54-9A1E7A4F7556}") = "RSP_LM_MAINTAIN_SALESMANResources", "BACK\LM\LM_SPR\RSP_LM_MAINTAIN_SALESMANResources\RSP_LM_MAINTAIN_SALESMANResources.csproj", "{81963EED-C317-490B-A826-DAAF80F8F1DC}"
EndProject
Project("{9A19103F-16F7-4668-BE54-9A1E7A4F7556}") = "GSM02300Common", "COMMON\GS\GSM02300Common\GSM02300Common.csproj", "{84D1E173-37C2-494E-ACAF-8711728072F5}"
EndProject
Project("{9A19103F-16F7-4668-BE54-9A1E7A4F7556}") = "GSM02300Back", "BACK\GS\GSM02300Back\GSM02300Back.csproj", "{0CF0935C-7CDB-462B-803E-B8441EE12597}"
EndProject
Project("{9A19103F-16F7-4668-BE54-9A1E7A4F7556}") = "GSM02300Service", "SERVICE\GS\GSM02300Service\GSM02300Service.csproj", "{F2416D85-688E-4697-A82C-B741E729D092}"
EndProject
Project("{9A19103F-16F7-4668-BE54-9A1E7A4F7556}") = "RSP_GS_MAINTAIN_PROPERTY_TYPEResources", "BACK\GS\GS_SPR\RSP_GS_MAINTAIN_PROPERTY_TYPEResources\RSP_GS_MAINTAIN_PROPERTY_TYPEResources.csproj", "{3235A5AC-088D-4DFB-B927-74B3B1900ABE}"
EndProject
Project("{9A19103F-16F7-4668-BE54-9A1E7A4F7556}") = "RSP_ACTIVITY_VALIDITYResources", "BACK\GS\GS_SPR\RSP_ACTIVITY_VALIDITYResources\RSP_ACTIVITY_VALIDITYResources.csproj", "{9FF8BFD1-0D85-44DD-8119-B9DAC97EA098}"
EndProject
Project("{9A19103F-16F7-4668-BE54-9A1E7A4F7556}") = "LMM02000Back", "BACK\LM\LMM02000Back\LMM02000Back.csproj", "{A6584239-3E86-4FAC-987F-A7FF02D5E054}"
EndProject
Project("{9A19103F-16F7-4668-BE54-9A1E7A4F7556}") = "GSM05500Service", "SERVICE\GS\GSM05500SERVICE\GSM05500Service.csproj", "{0B7645E5-8263-4F8C-8F27-5131C58BE36B}"
EndProject
Project("{9A19103F-16F7-4668-BE54-9A1E7A4F7556}") = "LMI00100Common", "COMMON\LM\LMI00100COMMON\LMI00100Common.csproj", "{C1180CA7-94A0-40AE-BA09-53201DFFDB39}"
EndProject
Project("{9A19103F-16F7-4668-BE54-9A1E7A4F7556}") = "LMM00200Common", "COMMON\LM\LMM00200COMMON\LMM00200Common.csproj", "{C9FE4581-C5C8-4515-AF1F-07D59B3CC00E}"
EndProject
Project("{9A19103F-16F7-4668-BE54-9A1E7A4F7556}") = "LMM00200Back", "BACK\LM\LMM00200BACK\LMM00200Back.csproj", "{ED12A8A3-8512-4610-BE35-20D9C4C4A4BB}"
EndProject
Project("{9A19103F-16F7-4668-BE54-9A1E7A4F7556}") = "RSP_GS_MAINTAIN_CASHFLOWResources", "BACK\GS\GS_SPR\RSP_GS_MAINTAIN_CASHFLOWResources\RSP_GS_MAINTAIN_CASHFLOWResources.csproj", "{104B39ED-A7C8-4609-82C2-40F5007AF012}"
EndProject
Project("{9A19103F-16F7-4668-BE54-9A1E7A4F7556}") = "RSP_LM_MAINTAIN_USER_PARAMResources", "BACK\LM\LM_SPR\RSP_LM_MAINTAIN_USER_PARAMResources\RSP_LM_MAINTAIN_USER_PARAMResources.csproj", "{A8BF38EC-4C10-4CCA-87A8-9EF5FEFF3ADD}"
EndProject
Project("{9A19103F-16F7-4668-BE54-9A1E7A4F7556}") = "RSP_GS_MAINTAIN_CASHFLOW_GROUPResources", "BACK\GS\GS_SPR\RSP_GS_MAINTAIN_CASHFLOW_GROUPResources\RSP_GS_MAINTAIN_CASHFLOW_GROUPResources.csproj", "{425A55C2-4F10-46EB-9BE7-988BFE13B070}"
EndProject
Project("{9A19103F-16F7-4668-BE54-9A1E7A4F7556}") = "BIMASAKTI_AP_API", "API\AP\BIMASAKTI_AP_API\BIMASAKTI_AP_API.csproj", "{EDA8F578-1BF5-4A11-99A5-196F3D74ABEE}"
EndProject
Project("{9A19103F-16F7-4668-BE54-9A1E7A4F7556}") = "Lookup_APBACK", "..\..\BS Shared Form\SOURCE\BACK\Lookup_APBACK\Lookup_APBACK.csproj", "{68A214D2-02DF-4A36-949D-99A9159A6489}"
EndProject
Project("{9A19103F-16F7-4668-BE54-9A1E7A4F7556}") = "Lookup_APCOMMON", "..\..\BS Shared Form\SOURCE\BACK\Lookup_APCOMMON\Lookup_APCOMMON.csproj", "{780CEABE-EAC0-402A-A403-ACFF247FB151}"
EndProject
Project("{9A19103F-16F7-4668-BE54-9A1E7A4F7556}") = "Lookup_APSERVICES", "..\..\BS Shared Form\SOURCE\SERVICES\Lookup_APSERVICES\Lookup_APSERVICES.csproj", "{DE04427B-9F98-43BD-A48F-3738861B2299}"
EndProject
Project("{9A19103F-16F7-4668-BE54-9A1E7A4F7556}") = "GSDesign", "DESIGN\GSDesign\GSDesign.csproj", "{D2C67A0D-9FC5-428A-9F30-87A28D090781}"
EndProject
Project("{2150E333-8FDC-42A3-9474-1A3956D46DE8}") = "LM", "LM", "{8A4173AD-545C-4A0D-A5D1-8DDEA7B0B9D0}"
EndProject
Project("{2150E333-8FDC-42A3-9474-1A3956D46DE8}") = "GS", "GS", "{0863CBF5-8E54-48E3-B8CD-9C9F88927638}"
EndProject
Project("{2150E333-8FDC-42A3-9474-1A3956D46DE8}") = "GF", "GF", "{D3CF9DE5-43D8-4B98-B735-8847EA1A0298}"
EndProject
Project("{2150E333-8FDC-42A3-9474-1A3956D46DE8}") = "LookUp", "LookUp", "{35142761-03FB-472F-ADE7-D81666BA3B9C}"
EndProject
Project("{2150E333-8FDC-42A3-9474-1A3956D46DE8}") = "GS", "GS", "{497DAE91-6455-4121-9CC2-6CCD71750AAB}"
EndProject
Project("{2150E333-8FDC-42A3-9474-1A3956D46DE8}") = "LM", "LM", "{CD5B252C-CA9F-4413-B259-05C8F32754A4}"
EndProject
Project("{2150E333-8FDC-42A3-9474-1A3956D46DE8}") = "LookUp", "LookUp", "{EA227539-DC99-4838-9747-4D3C3BD84742}"
EndProject
Project("{2150E333-8FDC-42A3-9474-1A3956D46DE8}") = "GF", "GF", "{5921F98D-1F76-4DB7-B093-BF15FE937DD3}"
EndProject
Project("{2150E333-8FDC-42A3-9474-1A3956D46DE8}") = "GS", "GS", "{874B8E87-BCA2-473A-AA29-D626F3901DEC}"
EndProject
Project("{2150E333-8FDC-42A3-9474-1A3956D46DE8}") = "LM", "LM", "{B06056A2-0F1C-4E01-B895-802852D7E6E7}"
EndProject
Project("{2150E333-8FDC-42A3-9474-1A3956D46DE8}") = "GF", "GF", "{E747BB6F-D8FB-4A6F-9019-D0FFFE4303CC}"
EndProject
Project("{2150E333-8FDC-42A3-9474-1A3956D46DE8}") = "LookUp", "LookUp", "{3707DA9D-01C6-474A-A588-5A8F0AB6BA31}"
EndProject
Project("{FAE04EC0-301F-11D3-BF4B-00C04F79EFBC}") = "LMM03700Back", "BACK\LM\LMM03700Back\LMM03700Back.csproj", "{DA09963B-0D9A-4BC6-B602-DE3655857195}"
EndProject
Project("{FAE04EC0-301F-11D3-BF4B-00C04F79EFBC}") = "LMM03700Service", "SERVICE\LM\LMM03700Service\LMM03700Service.csproj", "{CB901044-4CD8-4CFC-9605-0E2C0CF31112}"
EndProject
Project("{FAE04EC0-301F-11D3-BF4B-00C04F79EFBC}") = "LMM02500Common", "COMMON\LM\LMM02500Common\LMM02500Common.csproj", "{A832257A-30B8-41B8-A068-D7A6E30A5FDF}"
EndProject
Global
	GlobalSection(SolutionConfigurationPlatforms) = preSolution
		Debug|Any CPU = Debug|Any CPU
		Release|Any CPU = Release|Any CPU
	EndGlobalSection
	GlobalSection(ProjectConfigurationPlatforms) = postSolution
		{B39B82B8-79EA-4E46-A0E6-773A908ED7E1}.Debug|Any CPU.ActiveCfg = Debug|Any CPU
		{B39B82B8-79EA-4E46-A0E6-773A908ED7E1}.Debug|Any CPU.Build.0 = Debug|Any CPU
		{B39B82B8-79EA-4E46-A0E6-773A908ED7E1}.Release|Any CPU.ActiveCfg = Release|Any CPU
		{B39B82B8-79EA-4E46-A0E6-773A908ED7E1}.Release|Any CPU.Build.0 = Release|Any CPU
		{3DE16FD6-69A4-4099-8244-53415A45C7D9}.Debug|Any CPU.ActiveCfg = Debug|Any CPU
		{3DE16FD6-69A4-4099-8244-53415A45C7D9}.Debug|Any CPU.Build.0 = Debug|Any CPU
		{3DE16FD6-69A4-4099-8244-53415A45C7D9}.Release|Any CPU.ActiveCfg = Release|Any CPU
		{3DE16FD6-69A4-4099-8244-53415A45C7D9}.Release|Any CPU.Build.0 = Release|Any CPU
		{CB15F549-7CE5-44BD-ABFA-6B9B569D1D03}.Debug|Any CPU.ActiveCfg = Debug|Any CPU
		{CB15F549-7CE5-44BD-ABFA-6B9B569D1D03}.Debug|Any CPU.Build.0 = Debug|Any CPU
		{CB15F549-7CE5-44BD-ABFA-6B9B569D1D03}.Release|Any CPU.ActiveCfg = Release|Any CPU
		{CB15F549-7CE5-44BD-ABFA-6B9B569D1D03}.Release|Any CPU.Build.0 = Release|Any CPU
		{CEE001E9-D0C2-44BC-B63A-4CFFBAA7C227}.Debug|Any CPU.ActiveCfg = Debug|Any CPU
		{CEE001E9-D0C2-44BC-B63A-4CFFBAA7C227}.Debug|Any CPU.Build.0 = Debug|Any CPU
		{CEE001E9-D0C2-44BC-B63A-4CFFBAA7C227}.Release|Any CPU.ActiveCfg = Release|Any CPU
		{CEE001E9-D0C2-44BC-B63A-4CFFBAA7C227}.Release|Any CPU.Build.0 = Release|Any CPU
		{F8E5F153-3ED4-4392-A38E-872C1DB03CD7}.Debug|Any CPU.ActiveCfg = Debug|Any CPU
		{F8E5F153-3ED4-4392-A38E-872C1DB03CD7}.Debug|Any CPU.Build.0 = Debug|Any CPU
		{F8E5F153-3ED4-4392-A38E-872C1DB03CD7}.Release|Any CPU.ActiveCfg = Release|Any CPU
		{F8E5F153-3ED4-4392-A38E-872C1DB03CD7}.Release|Any CPU.Build.0 = Release|Any CPU
		{4153F646-A199-4EDD-878F-48BA353BD26B}.Debug|Any CPU.ActiveCfg = Debug|Any CPU
		{4153F646-A199-4EDD-878F-48BA353BD26B}.Debug|Any CPU.Build.0 = Debug|Any CPU
		{4153F646-A199-4EDD-878F-48BA353BD26B}.Release|Any CPU.ActiveCfg = Release|Any CPU
		{4153F646-A199-4EDD-878F-48BA353BD26B}.Release|Any CPU.Build.0 = Release|Any CPU
		{948BF37F-507A-4934-B40C-90E59DFA7448}.Debug|Any CPU.ActiveCfg = Debug|Any CPU
		{948BF37F-507A-4934-B40C-90E59DFA7448}.Debug|Any CPU.Build.0 = Debug|Any CPU
		{948BF37F-507A-4934-B40C-90E59DFA7448}.Release|Any CPU.ActiveCfg = Release|Any CPU
		{948BF37F-507A-4934-B40C-90E59DFA7448}.Release|Any CPU.Build.0 = Release|Any CPU
		{3359A130-2D72-47A5-8E78-A64E294BAAC6}.Debug|Any CPU.ActiveCfg = Debug|Any CPU
		{3359A130-2D72-47A5-8E78-A64E294BAAC6}.Debug|Any CPU.Build.0 = Debug|Any CPU
		{3359A130-2D72-47A5-8E78-A64E294BAAC6}.Release|Any CPU.ActiveCfg = Release|Any CPU
		{3359A130-2D72-47A5-8E78-A64E294BAAC6}.Release|Any CPU.Build.0 = Release|Any CPU
		{809CA14B-DCF3-4139-885D-7851756E2BF2}.Debug|Any CPU.ActiveCfg = Debug|Any CPU
		{809CA14B-DCF3-4139-885D-7851756E2BF2}.Debug|Any CPU.Build.0 = Debug|Any CPU
		{809CA14B-DCF3-4139-885D-7851756E2BF2}.Release|Any CPU.ActiveCfg = Release|Any CPU
		{809CA14B-DCF3-4139-885D-7851756E2BF2}.Release|Any CPU.Build.0 = Release|Any CPU
		{38547112-8F4B-4449-968F-CE79B6153AFB}.Debug|Any CPU.ActiveCfg = Debug|Any CPU
		{38547112-8F4B-4449-968F-CE79B6153AFB}.Debug|Any CPU.Build.0 = Debug|Any CPU
		{38547112-8F4B-4449-968F-CE79B6153AFB}.Release|Any CPU.ActiveCfg = Release|Any CPU
		{38547112-8F4B-4449-968F-CE79B6153AFB}.Release|Any CPU.Build.0 = Release|Any CPU
		{65E9A1D1-80F3-4E7F-A279-1A2CA6B98811}.Debug|Any CPU.ActiveCfg = Debug|Any CPU
		{65E9A1D1-80F3-4E7F-A279-1A2CA6B98811}.Debug|Any CPU.Build.0 = Debug|Any CPU
		{65E9A1D1-80F3-4E7F-A279-1A2CA6B98811}.Release|Any CPU.ActiveCfg = Release|Any CPU
		{65E9A1D1-80F3-4E7F-A279-1A2CA6B98811}.Release|Any CPU.Build.0 = Release|Any CPU
		{0EC52D4D-DB21-4A85-8343-B0D9AF96001C}.Debug|Any CPU.ActiveCfg = Debug|Any CPU
		{0EC52D4D-DB21-4A85-8343-B0D9AF96001C}.Debug|Any CPU.Build.0 = Debug|Any CPU
		{0EC52D4D-DB21-4A85-8343-B0D9AF96001C}.Release|Any CPU.ActiveCfg = Release|Any CPU
		{0EC52D4D-DB21-4A85-8343-B0D9AF96001C}.Release|Any CPU.Build.0 = Release|Any CPU
		{5BEA42F1-0681-40FC-8E8E-88E7CF3ECFEA}.Debug|Any CPU.ActiveCfg = Debug|Any CPU
		{5BEA42F1-0681-40FC-8E8E-88E7CF3ECFEA}.Debug|Any CPU.Build.0 = Debug|Any CPU
		{5BEA42F1-0681-40FC-8E8E-88E7CF3ECFEA}.Release|Any CPU.ActiveCfg = Release|Any CPU
		{5BEA42F1-0681-40FC-8E8E-88E7CF3ECFEA}.Release|Any CPU.Build.0 = Release|Any CPU
		{90B63637-7BEE-42DE-8C1A-BA1D09D8C959}.Debug|Any CPU.ActiveCfg = Debug|Any CPU
		{90B63637-7BEE-42DE-8C1A-BA1D09D8C959}.Debug|Any CPU.Build.0 = Debug|Any CPU
		{90B63637-7BEE-42DE-8C1A-BA1D09D8C959}.Release|Any CPU.ActiveCfg = Release|Any CPU
		{90B63637-7BEE-42DE-8C1A-BA1D09D8C959}.Release|Any CPU.Build.0 = Release|Any CPU
		{56163E89-1DBD-4AB9-B1B2-92EEE0ED9B42}.Debug|Any CPU.ActiveCfg = Debug|Any CPU
		{56163E89-1DBD-4AB9-B1B2-92EEE0ED9B42}.Debug|Any CPU.Build.0 = Debug|Any CPU
		{56163E89-1DBD-4AB9-B1B2-92EEE0ED9B42}.Release|Any CPU.ActiveCfg = Release|Any CPU
		{56163E89-1DBD-4AB9-B1B2-92EEE0ED9B42}.Release|Any CPU.Build.0 = Release|Any CPU
		{54956FFF-8A2F-40F6-94A0-518EA9C25FD1}.Debug|Any CPU.ActiveCfg = Debug|Any CPU
		{54956FFF-8A2F-40F6-94A0-518EA9C25FD1}.Debug|Any CPU.Build.0 = Debug|Any CPU
		{54956FFF-8A2F-40F6-94A0-518EA9C25FD1}.Release|Any CPU.ActiveCfg = Release|Any CPU
		{54956FFF-8A2F-40F6-94A0-518EA9C25FD1}.Release|Any CPU.Build.0 = Release|Any CPU
		{FD388D1E-D5B3-4990-9378-892D3BCA5089}.Debug|Any CPU.ActiveCfg = Debug|Any CPU
		{FD388D1E-D5B3-4990-9378-892D3BCA5089}.Debug|Any CPU.Build.0 = Debug|Any CPU
		{FD388D1E-D5B3-4990-9378-892D3BCA5089}.Release|Any CPU.ActiveCfg = Release|Any CPU
		{FD388D1E-D5B3-4990-9378-892D3BCA5089}.Release|Any CPU.Build.0 = Release|Any CPU
		{B65059C3-9CB0-4E08-B6E8-17CF4B0AF9C4}.Debug|Any CPU.ActiveCfg = Debug|Any CPU
		{B65059C3-9CB0-4E08-B6E8-17CF4B0AF9C4}.Debug|Any CPU.Build.0 = Debug|Any CPU
		{B65059C3-9CB0-4E08-B6E8-17CF4B0AF9C4}.Release|Any CPU.ActiveCfg = Release|Any CPU
		{B65059C3-9CB0-4E08-B6E8-17CF4B0AF9C4}.Release|Any CPU.Build.0 = Release|Any CPU
		{8596B288-34C9-4159-8AE5-CBD56ADF98B0}.Debug|Any CPU.ActiveCfg = Debug|Any CPU
		{8596B288-34C9-4159-8AE5-CBD56ADF98B0}.Debug|Any CPU.Build.0 = Debug|Any CPU
		{8596B288-34C9-4159-8AE5-CBD56ADF98B0}.Release|Any CPU.ActiveCfg = Release|Any CPU
		{8596B288-34C9-4159-8AE5-CBD56ADF98B0}.Release|Any CPU.Build.0 = Release|Any CPU
		{0ACCEAA6-53CD-4775-A809-7C27C4D5AE38}.Debug|Any CPU.ActiveCfg = Debug|Any CPU
		{0ACCEAA6-53CD-4775-A809-7C27C4D5AE38}.Debug|Any CPU.Build.0 = Debug|Any CPU
		{0ACCEAA6-53CD-4775-A809-7C27C4D5AE38}.Release|Any CPU.ActiveCfg = Release|Any CPU
		{0ACCEAA6-53CD-4775-A809-7C27C4D5AE38}.Release|Any CPU.Build.0 = Release|Any CPU
		{33E3E7E7-7E9E-41E6-8A61-027324410637}.Debug|Any CPU.ActiveCfg = Debug|Any CPU
		{33E3E7E7-7E9E-41E6-8A61-027324410637}.Debug|Any CPU.Build.0 = Debug|Any CPU
		{33E3E7E7-7E9E-41E6-8A61-027324410637}.Release|Any CPU.ActiveCfg = Release|Any CPU
		{33E3E7E7-7E9E-41E6-8A61-027324410637}.Release|Any CPU.Build.0 = Release|Any CPU
		{E9E15122-B928-4D05-90EE-FE6A66BC7269}.Debug|Any CPU.ActiveCfg = Debug|Any CPU
		{E9E15122-B928-4D05-90EE-FE6A66BC7269}.Debug|Any CPU.Build.0 = Debug|Any CPU
		{E9E15122-B928-4D05-90EE-FE6A66BC7269}.Release|Any CPU.ActiveCfg = Release|Any CPU
		{E9E15122-B928-4D05-90EE-FE6A66BC7269}.Release|Any CPU.Build.0 = Release|Any CPU
		{D8F84355-FF2D-4129-AA67-B6FCC5220E71}.Debug|Any CPU.ActiveCfg = Debug|Any CPU
		{D8F84355-FF2D-4129-AA67-B6FCC5220E71}.Debug|Any CPU.Build.0 = Debug|Any CPU
		{D8F84355-FF2D-4129-AA67-B6FCC5220E71}.Release|Any CPU.ActiveCfg = Release|Any CPU
		{D8F84355-FF2D-4129-AA67-B6FCC5220E71}.Release|Any CPU.Build.0 = Release|Any CPU
		{81963EED-C317-490B-A826-DAAF80F8F1DC}.Debug|Any CPU.ActiveCfg = Debug|Any CPU
		{81963EED-C317-490B-A826-DAAF80F8F1DC}.Debug|Any CPU.Build.0 = Debug|Any CPU
		{81963EED-C317-490B-A826-DAAF80F8F1DC}.Release|Any CPU.ActiveCfg = Release|Any CPU
		{81963EED-C317-490B-A826-DAAF80F8F1DC}.Release|Any CPU.Build.0 = Release|Any CPU
		{84D1E173-37C2-494E-ACAF-8711728072F5}.Debug|Any CPU.ActiveCfg = Debug|Any CPU
		{84D1E173-37C2-494E-ACAF-8711728072F5}.Debug|Any CPU.Build.0 = Debug|Any CPU
		{84D1E173-37C2-494E-ACAF-8711728072F5}.Release|Any CPU.ActiveCfg = Release|Any CPU
		{84D1E173-37C2-494E-ACAF-8711728072F5}.Release|Any CPU.Build.0 = Release|Any CPU
		{0CF0935C-7CDB-462B-803E-B8441EE12597}.Debug|Any CPU.ActiveCfg = Debug|Any CPU
		{0CF0935C-7CDB-462B-803E-B8441EE12597}.Debug|Any CPU.Build.0 = Debug|Any CPU
		{0CF0935C-7CDB-462B-803E-B8441EE12597}.Release|Any CPU.ActiveCfg = Release|Any CPU
		{0CF0935C-7CDB-462B-803E-B8441EE12597}.Release|Any CPU.Build.0 = Release|Any CPU
		{F2416D85-688E-4697-A82C-B741E729D092}.Debug|Any CPU.ActiveCfg = Debug|Any CPU
		{F2416D85-688E-4697-A82C-B741E729D092}.Debug|Any CPU.Build.0 = Debug|Any CPU
		{F2416D85-688E-4697-A82C-B741E729D092}.Release|Any CPU.ActiveCfg = Release|Any CPU
		{F2416D85-688E-4697-A82C-B741E729D092}.Release|Any CPU.Build.0 = Release|Any CPU
		{3235A5AC-088D-4DFB-B927-74B3B1900ABE}.Debug|Any CPU.ActiveCfg = Debug|Any CPU
		{3235A5AC-088D-4DFB-B927-74B3B1900ABE}.Debug|Any CPU.Build.0 = Debug|Any CPU
		{3235A5AC-088D-4DFB-B927-74B3B1900ABE}.Release|Any CPU.ActiveCfg = Release|Any CPU
		{3235A5AC-088D-4DFB-B927-74B3B1900ABE}.Release|Any CPU.Build.0 = Release|Any CPU
		{9FF8BFD1-0D85-44DD-8119-B9DAC97EA098}.Debug|Any CPU.ActiveCfg = Debug|Any CPU
		{9FF8BFD1-0D85-44DD-8119-B9DAC97EA098}.Debug|Any CPU.Build.0 = Debug|Any CPU
		{9FF8BFD1-0D85-44DD-8119-B9DAC97EA098}.Release|Any CPU.ActiveCfg = Release|Any CPU
		{9FF8BFD1-0D85-44DD-8119-B9DAC97EA098}.Release|Any CPU.Build.0 = Release|Any CPU
		{A6584239-3E86-4FAC-987F-A7FF02D5E054}.Debug|Any CPU.ActiveCfg = Debug|Any CPU
		{A6584239-3E86-4FAC-987F-A7FF02D5E054}.Debug|Any CPU.Build.0 = Debug|Any CPU
		{A6584239-3E86-4FAC-987F-A7FF02D5E054}.Release|Any CPU.ActiveCfg = Release|Any CPU
		{A6584239-3E86-4FAC-987F-A7FF02D5E054}.Release|Any CPU.Build.0 = Release|Any CPU
		{0B7645E5-8263-4F8C-8F27-5131C58BE36B}.Debug|Any CPU.ActiveCfg = Debug|Any CPU
		{0B7645E5-8263-4F8C-8F27-5131C58BE36B}.Debug|Any CPU.Build.0 = Debug|Any CPU
		{0B7645E5-8263-4F8C-8F27-5131C58BE36B}.Release|Any CPU.ActiveCfg = Release|Any CPU
		{0B7645E5-8263-4F8C-8F27-5131C58BE36B}.Release|Any CPU.Build.0 = Release|Any CPU
		{C1180CA7-94A0-40AE-BA09-53201DFFDB39}.Debug|Any CPU.ActiveCfg = Debug|Any CPU
		{C1180CA7-94A0-40AE-BA09-53201DFFDB39}.Debug|Any CPU.Build.0 = Debug|Any CPU
		{C1180CA7-94A0-40AE-BA09-53201DFFDB39}.Release|Any CPU.ActiveCfg = Release|Any CPU
		{C1180CA7-94A0-40AE-BA09-53201DFFDB39}.Release|Any CPU.Build.0 = Release|Any CPU
		{C9FE4581-C5C8-4515-AF1F-07D59B3CC00E}.Debug|Any CPU.ActiveCfg = Debug|Any CPU
		{C9FE4581-C5C8-4515-AF1F-07D59B3CC00E}.Debug|Any CPU.Build.0 = Debug|Any CPU
		{C9FE4581-C5C8-4515-AF1F-07D59B3CC00E}.Release|Any CPU.ActiveCfg = Release|Any CPU
		{C9FE4581-C5C8-4515-AF1F-07D59B3CC00E}.Release|Any CPU.Build.0 = Release|Any CPU
		{ED12A8A3-8512-4610-BE35-20D9C4C4A4BB}.Debug|Any CPU.ActiveCfg = Debug|Any CPU
		{ED12A8A3-8512-4610-BE35-20D9C4C4A4BB}.Debug|Any CPU.Build.0 = Debug|Any CPU
		{ED12A8A3-8512-4610-BE35-20D9C4C4A4BB}.Release|Any CPU.ActiveCfg = Release|Any CPU
		{ED12A8A3-8512-4610-BE35-20D9C4C4A4BB}.Release|Any CPU.Build.0 = Release|Any CPU
		{104B39ED-A7C8-4609-82C2-40F5007AF012}.Debug|Any CPU.ActiveCfg = Debug|Any CPU
		{104B39ED-A7C8-4609-82C2-40F5007AF012}.Debug|Any CPU.Build.0 = Debug|Any CPU
		{104B39ED-A7C8-4609-82C2-40F5007AF012}.Release|Any CPU.ActiveCfg = Release|Any CPU
		{104B39ED-A7C8-4609-82C2-40F5007AF012}.Release|Any CPU.Build.0 = Release|Any CPU
		{A8BF38EC-4C10-4CCA-87A8-9EF5FEFF3ADD}.Debug|Any CPU.ActiveCfg = Debug|Any CPU
		{A8BF38EC-4C10-4CCA-87A8-9EF5FEFF3ADD}.Debug|Any CPU.Build.0 = Debug|Any CPU
		{A8BF38EC-4C10-4CCA-87A8-9EF5FEFF3ADD}.Release|Any CPU.ActiveCfg = Release|Any CPU
		{A8BF38EC-4C10-4CCA-87A8-9EF5FEFF3ADD}.Release|Any CPU.Build.0 = Release|Any CPU
		{425A55C2-4F10-46EB-9BE7-988BFE13B070}.Debug|Any CPU.ActiveCfg = Debug|Any CPU
		{425A55C2-4F10-46EB-9BE7-988BFE13B070}.Debug|Any CPU.Build.0 = Debug|Any CPU
		{425A55C2-4F10-46EB-9BE7-988BFE13B070}.Release|Any CPU.ActiveCfg = Release|Any CPU
		{425A55C2-4F10-46EB-9BE7-988BFE13B070}.Release|Any CPU.Build.0 = Release|Any CPU
		{EDA8F578-1BF5-4A11-99A5-196F3D74ABEE}.Debug|Any CPU.ActiveCfg = Debug|Any CPU
		{EDA8F578-1BF5-4A11-99A5-196F3D74ABEE}.Debug|Any CPU.Build.0 = Debug|Any CPU
		{EDA8F578-1BF5-4A11-99A5-196F3D74ABEE}.Release|Any CPU.ActiveCfg = Release|Any CPU
		{EDA8F578-1BF5-4A11-99A5-196F3D74ABEE}.Release|Any CPU.Build.0 = Release|Any CPU
		{68A214D2-02DF-4A36-949D-99A9159A6489}.Debug|Any CPU.ActiveCfg = Debug|Any CPU
		{68A214D2-02DF-4A36-949D-99A9159A6489}.Debug|Any CPU.Build.0 = Debug|Any CPU
		{68A214D2-02DF-4A36-949D-99A9159A6489}.Release|Any CPU.ActiveCfg = Release|Any CPU
		{68A214D2-02DF-4A36-949D-99A9159A6489}.Release|Any CPU.Build.0 = Release|Any CPU
		{780CEABE-EAC0-402A-A403-ACFF247FB151}.Debug|Any CPU.ActiveCfg = Debug|Any CPU
		{780CEABE-EAC0-402A-A403-ACFF247FB151}.Debug|Any CPU.Build.0 = Debug|Any CPU
		{780CEABE-EAC0-402A-A403-ACFF247FB151}.Release|Any CPU.ActiveCfg = Release|Any CPU
		{780CEABE-EAC0-402A-A403-ACFF247FB151}.Release|Any CPU.Build.0 = Release|Any CPU
		{DE04427B-9F98-43BD-A48F-3738861B2299}.Debug|Any CPU.ActiveCfg = Debug|Any CPU
		{DE04427B-9F98-43BD-A48F-3738861B2299}.Debug|Any CPU.Build.0 = Debug|Any CPU
		{DE04427B-9F98-43BD-A48F-3738861B2299}.Release|Any CPU.ActiveCfg = Release|Any CPU
		{DE04427B-9F98-43BD-A48F-3738861B2299}.Release|Any CPU.Build.0 = Release|Any CPU
		{D2C67A0D-9FC5-428A-9F30-87A28D090781}.Debug|Any CPU.ActiveCfg = Debug|Any CPU
		{D2C67A0D-9FC5-428A-9F30-87A28D090781}.Debug|Any CPU.Build.0 = Debug|Any CPU
		{D2C67A0D-9FC5-428A-9F30-87A28D090781}.Release|Any CPU.ActiveCfg = Release|Any CPU
		{D2C67A0D-9FC5-428A-9F30-87A28D090781}.Release|Any CPU.Build.0 = Release|Any CPU
		{DA09963B-0D9A-4BC6-B602-DE3655857195}.Debug|Any CPU.ActiveCfg = Debug|Any CPU
		{DA09963B-0D9A-4BC6-B602-DE3655857195}.Debug|Any CPU.Build.0 = Debug|Any CPU
		{DA09963B-0D9A-4BC6-B602-DE3655857195}.Release|Any CPU.ActiveCfg = Release|Any CPU
		{DA09963B-0D9A-4BC6-B602-DE3655857195}.Release|Any CPU.Build.0 = Release|Any CPU
		{CB901044-4CD8-4CFC-9605-0E2C0CF31112}.Debug|Any CPU.ActiveCfg = Debug|Any CPU
		{CB901044-4CD8-4CFC-9605-0E2C0CF31112}.Debug|Any CPU.Build.0 = Debug|Any CPU
		{CB901044-4CD8-4CFC-9605-0E2C0CF31112}.Release|Any CPU.ActiveCfg = Release|Any CPU
		{CB901044-4CD8-4CFC-9605-0E2C0CF31112}.Release|Any CPU.Build.0 = Release|Any CPU
		{A832257A-30B8-41B8-A068-D7A6E30A5FDF}.Debug|Any CPU.ActiveCfg = Debug|Any CPU
		{A832257A-30B8-41B8-A068-D7A6E30A5FDF}.Debug|Any CPU.Build.0 = Debug|Any CPU
		{A832257A-30B8-41B8-A068-D7A6E30A5FDF}.Release|Any CPU.ActiveCfg = Release|Any CPU
		{A832257A-30B8-41B8-A068-D7A6E30A5FDF}.Release|Any CPU.Build.0 = Release|Any CPU
	EndGlobalSection
	GlobalSection(SolutionProperties) = preSolution
		HideSolutionNode = FALSE
	EndGlobalSection
	GlobalSection(NestedProjects) = preSolution
		{B39B82B8-79EA-4E46-A0E6-773A908ED7E1} = {C3EAE219-7C8B-4C0B-B9AA-C36E59A59874}
		{CEE001E9-D0C2-44BC-B63A-4CFFBAA7C227} = {C3EAE219-7C8B-4C0B-B9AA-C36E59A59874}
		{5BEA42F1-0681-40FC-8E8E-88E7CF3ECFEA} = {FEBCC389-15E9-45D8-894D-D105A725441A}
		{90B63637-7BEE-42DE-8C1A-BA1D09D8C959} = {FEBCC389-15E9-45D8-894D-D105A725441A}
		{56163E89-1DBD-4AB9-B1B2-92EEE0ED9B42} = {FEBCC389-15E9-45D8-894D-D105A725441A}
		{0ACCEAA6-53CD-4775-A809-7C27C4D5AE38} = {FEBCC389-15E9-45D8-894D-D105A725441A}
		{E9E15122-B928-4D05-90EE-FE6A66BC7269} = {FEBCC389-15E9-45D8-894D-D105A725441A}
		{81963EED-C317-490B-A826-DAAF80F8F1DC} = {7248A3A5-62C2-4D3D-A425-109B9B687376}
		{3235A5AC-088D-4DFB-B927-74B3B1900ABE} = {FEBCC389-15E9-45D8-894D-D105A725441A}
		{9FF8BFD1-0D85-44DD-8119-B9DAC97EA098} = {FEBCC389-15E9-45D8-894D-D105A725441A}
		{104B39ED-A7C8-4609-82C2-40F5007AF012} = {FEBCC389-15E9-45D8-894D-D105A725441A}
		{A8BF38EC-4C10-4CCA-87A8-9EF5FEFF3ADD} = {7248A3A5-62C2-4D3D-A425-109B9B687376}
		{425A55C2-4F10-46EB-9BE7-988BFE13B070} = {FEBCC389-15E9-45D8-894D-D105A725441A}
		{EDA8F578-1BF5-4A11-99A5-196F3D74ABEE} = {C3EAE219-7C8B-4C0B-B9AA-C36E59A59874}
		{8A4173AD-545C-4A0D-A5D1-8DDEA7B0B9D0} = {9A88ACE1-E08A-4650-93AD-A84642F274BB}
		{FD388D1E-D5B3-4990-9378-892D3BCA5089} = {8A4173AD-545C-4A0D-A5D1-8DDEA7B0B9D0}
		{ED12A8A3-8512-4610-BE35-20D9C4C4A4BB} = {8A4173AD-545C-4A0D-A5D1-8DDEA7B0B9D0}
		{A6584239-3E86-4FAC-987F-A7FF02D5E054} = {8A4173AD-545C-4A0D-A5D1-8DDEA7B0B9D0}
		{0863CBF5-8E54-48E3-B8CD-9C9F88927638} = {9A88ACE1-E08A-4650-93AD-A84642F274BB}
		{65E9A1D1-80F3-4E7F-A279-1A2CA6B98811} = {0863CBF5-8E54-48E3-B8CD-9C9F88927638}
		{0CF0935C-7CDB-462B-803E-B8441EE12597} = {0863CBF5-8E54-48E3-B8CD-9C9F88927638}
		{3DE16FD6-69A4-4099-8244-53415A45C7D9} = {0863CBF5-8E54-48E3-B8CD-9C9F88927638}
		{D3CF9DE5-43D8-4B98-B735-8847EA1A0298} = {9A88ACE1-E08A-4650-93AD-A84642F274BB}
		{948BF37F-507A-4934-B40C-90E59DFA7448} = {D3CF9DE5-43D8-4B98-B735-8847EA1A0298}
		{809CA14B-DCF3-4139-885D-7851756E2BF2} = {D3CF9DE5-43D8-4B98-B735-8847EA1A0298}
		{35142761-03FB-472F-ADE7-D81666BA3B9C} = {9A88ACE1-E08A-4650-93AD-A84642F274BB}
		{68A214D2-02DF-4A36-949D-99A9159A6489} = {35142761-03FB-472F-ADE7-D81666BA3B9C}
		{8596B288-34C9-4159-8AE5-CBD56ADF98B0} = {35142761-03FB-472F-ADE7-D81666BA3B9C}
		{497DAE91-6455-4121-9CC2-6CCD71750AAB} = {FA3B4DBA-EFD5-431A-B5F8-074975E4D91B}
		{38547112-8F4B-4449-968F-CE79B6153AFB} = {497DAE91-6455-4121-9CC2-6CCD71750AAB}
		{84D1E173-37C2-494E-ACAF-8711728072F5} = {497DAE91-6455-4121-9CC2-6CCD71750AAB}
		{CB15F549-7CE5-44BD-ABFA-6B9B569D1D03} = {497DAE91-6455-4121-9CC2-6CCD71750AAB}
		{CD5B252C-CA9F-4413-B259-05C8F32754A4} = {FA3B4DBA-EFD5-431A-B5F8-074975E4D91B}
		{C1180CA7-94A0-40AE-BA09-53201DFFDB39} = {CD5B252C-CA9F-4413-B259-05C8F32754A4}
		{C9FE4581-C5C8-4515-AF1F-07D59B3CC00E} = {CD5B252C-CA9F-4413-B259-05C8F32754A4}
		{F8E5F153-3ED4-4392-A38E-872C1DB03CD7} = {CD5B252C-CA9F-4413-B259-05C8F32754A4}
		{EA227539-DC99-4838-9747-4D3C3BD84742} = {FA3B4DBA-EFD5-431A-B5F8-074975E4D91B}
		{780CEABE-EAC0-402A-A403-ACFF247FB151} = {EA227539-DC99-4838-9747-4D3C3BD84742}
		{33E3E7E7-7E9E-41E6-8A61-027324410637} = {EA227539-DC99-4838-9747-4D3C3BD84742}
		{5921F98D-1F76-4DB7-B093-BF15FE937DD3} = {FA3B4DBA-EFD5-431A-B5F8-074975E4D91B}
		{4153F646-A199-4EDD-878F-48BA353BD26B} = {5921F98D-1F76-4DB7-B093-BF15FE937DD3}
		{874B8E87-BCA2-473A-AA29-D626F3901DEC} = {3F304EDC-E2D8-4A01-B168-01114FDF0335}
		{0EC52D4D-DB21-4A85-8343-B0D9AF96001C} = {874B8E87-BCA2-473A-AA29-D626F3901DEC}
		{F2416D85-688E-4697-A82C-B741E729D092} = {874B8E87-BCA2-473A-AA29-D626F3901DEC}
		{0B7645E5-8263-4F8C-8F27-5131C58BE36B} = {874B8E87-BCA2-473A-AA29-D626F3901DEC}
		{B06056A2-0F1C-4E01-B895-802852D7E6E7} = {3F304EDC-E2D8-4A01-B168-01114FDF0335}
		{B65059C3-9CB0-4E08-B6E8-17CF4B0AF9C4} = {B06056A2-0F1C-4E01-B895-802852D7E6E7}
		{54956FFF-8A2F-40F6-94A0-518EA9C25FD1} = {B06056A2-0F1C-4E01-B895-802852D7E6E7}
		{E747BB6F-D8FB-4A6F-9019-D0FFFE4303CC} = {3F304EDC-E2D8-4A01-B168-01114FDF0335}
		{3359A130-2D72-47A5-8E78-A64E294BAAC6} = {E747BB6F-D8FB-4A6F-9019-D0FFFE4303CC}
		{3707DA9D-01C6-474A-A588-5A8F0AB6BA31} = {3F304EDC-E2D8-4A01-B168-01114FDF0335}
		{D8F84355-FF2D-4129-AA67-B6FCC5220E71} = {3707DA9D-01C6-474A-A588-5A8F0AB6BA31}
		{DE04427B-9F98-43BD-A48F-3738861B2299} = {3707DA9D-01C6-474A-A588-5A8F0AB6BA31}
		{DA09963B-0D9A-4BC6-B602-DE3655857195} = {8A4173AD-545C-4A0D-A5D1-8DDEA7B0B9D0}
		{CB901044-4CD8-4CFC-9605-0E2C0CF31112} = {B06056A2-0F1C-4E01-B895-802852D7E6E7}
		{A832257A-30B8-41B8-A068-D7A6E30A5FDF} = {CD5B252C-CA9F-4413-B259-05C8F32754A4}
	EndGlobalSection
	GlobalSection(ExtensibilityGlobals) = postSolution
		SolutionGuid = {6A751E6C-1C1A-4FEE-8275-65D8FEC8B542}
	EndGlobalSection
EndGlobal
